// !$*UTF8*$!
{
	archiveVersion = 1;
	classes = {
	};
	objectVersion = 55;
	objects = {

/* Begin PBXBuildFile section */
		4B5A3FA727B00282006FFF2D /* CodeView.swift in Sources */ = {isa = PBXBuildFile; fileRef = 4B5A3FA627B00282006FFF2D /* CodeView.swift */; };
		4B5A3FA827B00282006FFF2D /* CodeView.swift in Sources */ = {isa = PBXBuildFile; fileRef = 4B5A3FA627B00282006FFF2D /* CodeView.swift */; };
		4B5A3FAB27B002C3006FFF2D /* CodeViewer in Frameworks */ = {isa = PBXBuildFile; productRef = 4B5A3FAA27B002C3006FFF2D /* CodeViewer */; };
		4B658EDA281E26510093AEAF /* SplashScreen.swift in Sources */ = {isa = PBXBuildFile; fileRef = 4B658ED9281E26510093AEAF /* SplashScreen.swift */; };
		4B658EDC281E35980093AEAF /* SplashShape.swift in Sources */ = {isa = PBXBuildFile; fileRef = 4B658EDB281E35980093AEAF /* SplashShape.swift */; };
		4B8210072813B9B500A7B9FA /* BehavioralPatterns.swift in Sources */ = {isa = PBXBuildFile; fileRef = 4B8210062813B9B500A7B9FA /* BehavioralPatterns.swift */; };
		4B8210092813C84600A7B9FA /* CreationalPatterns.swift in Sources */ = {isa = PBXBuildFile; fileRef = 4B8210082813C84600A7B9FA /* CreationalPatterns.swift */; };
		4B82100B2813CC9C00A7B9FA /* StructuralPatterns.swift in Sources */ = {isa = PBXBuildFile; fileRef = 4B82100A2813CC9C00A7B9FA /* StructuralPatterns.swift */; };
		4B82100F2815308200A7B9FA /* ExplanationView.swift in Sources */ = {isa = PBXBuildFile; fileRef = 4B82100E2815308200A7B9FA /* ExplanationView.swift */; };
		4B821011281532E500A7B9FA /* CommonProtocols.swift in Sources */ = {isa = PBXBuildFile; fileRef = 4B821010281532E500A7B9FA /* CommonProtocols.swift */; };
		4B8210162815337000A7B9FA /* StrategyPatternView.swift in Sources */ = {isa = PBXBuildFile; fileRef = 4B8210152815337000A7B9FA /* StrategyPatternView.swift */; };
		4B82101B281533C000A7B9FA /* StrategyPatternViewModel.swift in Sources */ = {isa = PBXBuildFile; fileRef = 4B82101A281533C000A7B9FA /* StrategyPatternViewModel.swift */; };
		4BBB180727ADEFD600914D47 /* Tests_iOS.swift in Sources */ = {isa = PBXBuildFile; fileRef = 4BBB180627ADEFD600914D47 /* Tests_iOS.swift */; };
		4BBB180927ADEFD600914D47 /* Tests_iOSLaunchTests.swift in Sources */ = {isa = PBXBuildFile; fileRef = 4BBB180827ADEFD600914D47 /* Tests_iOSLaunchTests.swift */; };
		4BBB181327ADEFD600914D47 /* Tests_macOS.swift in Sources */ = {isa = PBXBuildFile; fileRef = 4BBB181227ADEFD600914D47 /* Tests_macOS.swift */; };
		4BBB181527ADEFD600914D47 /* Tests_macOSLaunchTests.swift in Sources */ = {isa = PBXBuildFile; fileRef = 4BBB181427ADEFD600914D47 /* Tests_macOSLaunchTests.swift */; };
		4BBB181627ADEFD600914D47 /* DesignPatternsApp.swift in Sources */ = {isa = PBXBuildFile; fileRef = 4BBB17EE27ADEFD400914D47 /* DesignPatternsApp.swift */; };
		4BBB181727ADEFD600914D47 /* DesignPatternsApp.swift in Sources */ = {isa = PBXBuildFile; fileRef = 4BBB17EE27ADEFD400914D47 /* DesignPatternsApp.swift */; };
		4BBB181827ADEFD600914D47 /* ContentView.swift in Sources */ = {isa = PBXBuildFile; fileRef = 4BBB17EF27ADEFD400914D47 /* ContentView.swift */; };
		4BBB181927ADEFD600914D47 /* ContentView.swift in Sources */ = {isa = PBXBuildFile; fileRef = 4BBB17EF27ADEFD400914D47 /* ContentView.swift */; };
		4BBB181A27ADEFD600914D47 /* Assets.xcassets in Resources */ = {isa = PBXBuildFile; fileRef = 4BBB17F027ADEFD600914D47 /* Assets.xcassets */; };
		4BBB181B27ADEFD600914D47 /* Assets.xcassets in Resources */ = {isa = PBXBuildFile; fileRef = 4BBB17F027ADEFD600914D47 /* Assets.xcassets */; };
		4BBB182C27ADF01D00914D47 /* IDesignPattern.swift in Sources */ = {isa = PBXBuildFile; fileRef = 4BBB182B27ADF01D00914D47 /* IDesignPattern.swift */; };
		4BBB182D27ADF01D00914D47 /* IDesignPattern.swift in Sources */ = {isa = PBXBuildFile; fileRef = 4BBB182B27ADF01D00914D47 /* IDesignPattern.swift */; };
		4BBB183327ADF38B00914D47 /* Tree.swift in Sources */ = {isa = PBXBuildFile; fileRef = 4BBB183227ADF38B00914D47 /* Tree.swift */; };
		4BBB183427ADF38B00914D47 /* Tree.swift in Sources */ = {isa = PBXBuildFile; fileRef = 4BBB183227ADF38B00914D47 /* Tree.swift */; };
		4BBB183727ADF4A000914D47 /* TreeView.swift in Sources */ = {isa = PBXBuildFile; fileRef = 4BBB183627ADF4A000914D47 /* TreeView.swift */; };
		4BBB183827ADF4A000914D47 /* TreeView.swift in Sources */ = {isa = PBXBuildFile; fileRef = 4BBB183627ADF4A000914D47 /* TreeView.swift */; };
		4BBB183A27ADFCE800914D47 /* NodeView.swift in Sources */ = {isa = PBXBuildFile; fileRef = 4BBB183927ADFCE800914D47 /* NodeView.swift */; };
		4BBB183B27ADFCE800914D47 /* NodeView.swift in Sources */ = {isa = PBXBuildFile; fileRef = 4BBB183927ADFCE800914D47 /* NodeView.swift */; };
		4BBB183D27AE140400914D47 /* README.md in Resources */ = {isa = PBXBuildFile; fileRef = 4BBB183C27AE140400914D47 /* README.md */; };
		4BBB183E27AE140400914D47 /* README.md in Resources */ = {isa = PBXBuildFile; fileRef = 4BBB183C27AE140400914D47 /* README.md */; };
		4BBB184127AE249000914D47 /* CollectDict.swift in Sources */ = {isa = PBXBuildFile; fileRef = 4BBB184027AE249000914D47 /* CollectDict.swift */; };
		4BBB184427AE24D100914D47 /* Line.swift in Sources */ = {isa = PBXBuildFile; fileRef = 4BBB184327AE24D100914D47 /* Line.swift */; };
		4BD6EB5027B9D82500F0E6D0 /* CommonExtension.swift in Sources */ = {isa = PBXBuildFile; fileRef = 4BD6EB4F27B9D82500F0E6D0 /* CommonExtension.swift */; };
		4BD6EB5227B9DC3A00F0E6D0 /* StructuralPatternsView.swift in Sources */ = {isa = PBXBuildFile; fileRef = 4BD6EB5127B9DC3A00F0E6D0 /* StructuralPatternsView.swift */; };
		4BD6EB5327B9DC3A00F0E6D0 /* StructuralPatternsView.swift in Sources */ = {isa = PBXBuildFile; fileRef = 4BD6EB5127B9DC3A00F0E6D0 /* StructuralPatternsView.swift */; };
		4BD6EB5527B9DC5C00F0E6D0 /* BehavioralPatternsView.swift in Sources */ = {isa = PBXBuildFile; fileRef = 4BD6EB5427B9DC5C00F0E6D0 /* BehavioralPatternsView.swift */; };
		4BD6EB5627B9DC5C00F0E6D0 /* BehavioralPatternsView.swift in Sources */ = {isa = PBXBuildFile; fileRef = 4BD6EB5427B9DC5C00F0E6D0 /* BehavioralPatternsView.swift */; };
		4BD6EB5827B9DC6900F0E6D0 /* CreationalPatternsView.swift in Sources */ = {isa = PBXBuildFile; fileRef = 4BD6EB5727B9DC6900F0E6D0 /* CreationalPatternsView.swift */; };
		4BD6EB5927B9DC6900F0E6D0 /* CreationalPatternsView.swift in Sources */ = {isa = PBXBuildFile; fileRef = 4BD6EB5727B9DC6900F0E6D0 /* CreationalPatternsView.swift */; };
		4BD6EB5B27B9DF0C00F0E6D0 /* SizePreferenceKey.swift in Sources */ = {isa = PBXBuildFile; fileRef = 4BD6EB5A27B9DF0C00F0E6D0 /* SizePreferenceKey.swift */; };
		4BD6EB5C27B9DF0C00F0E6D0 /* SizePreferenceKey.swift in Sources */ = {isa = PBXBuildFile; fileRef = 4BD6EB5A27B9DF0C00F0E6D0 /* SizePreferenceKey.swift */; };
		4BD6EB5F27B9E78F00F0E6D0 /* WikipediaKit in Frameworks */ = {isa = PBXBuildFile; productRef = 4BD6EB5E27B9E78F00F0E6D0 /* WikipediaKit */; };
		4BD6EB6227B9E82200F0E6D0 /* CodeViewer in Frameworks */ = {isa = PBXBuildFile; productRef = 4BD6EB6127B9E82200F0E6D0 /* CodeViewer */; };
		4BD6EB6527BA118C00F0E6D0 /* eDesignPattern.swift in Sources */ = {isa = PBXBuildFile; fileRef = 4BD6EB6427BA118C00F0E6D0 /* eDesignPattern.swift */; };
		4BD6EB6627BA118C00F0E6D0 /* eDesignPattern.swift in Sources */ = {isa = PBXBuildFile; fileRef = 4BD6EB6427BA118C00F0E6D0 /* eDesignPattern.swift */; };
		4BD6EB6927BA137C00F0E6D0 /* MainNavigationCell.swift in Sources */ = {isa = PBXBuildFile; fileRef = 4BD6EB6827BA137C00F0E6D0 /* MainNavigationCell.swift */; };
		4BD6EB6A27BA137C00F0E6D0 /* MainNavigationCell.swift in Sources */ = {isa = PBXBuildFile; fileRef = 4BD6EB6827BA137C00F0E6D0 /* MainNavigationCell.swift */; };
		4BD6EB6D27BA175000F0E6D0 /* InitialDataFetcher.swift in Sources */ = {isa = PBXBuildFile; fileRef = 4BD6EB6C27BA175000F0E6D0 /* InitialDataFetcher.swift */; };
		4BD6EB6E27BA175000F0E6D0 /* InitialDataFetcher.swift in Sources */ = {isa = PBXBuildFile; fileRef = 4BD6EB6C27BA175000F0E6D0 /* InitialDataFetcher.swift */; };
		4BD6EB7027BA22F600F0E6D0 /* MainView.swift in Sources */ = {isa = PBXBuildFile; fileRef = 4BD6EB6F27BA22F600F0E6D0 /* MainView.swift */; };
		4BD6EB7127BA22F600F0E6D0 /* MainView.swift in Sources */ = {isa = PBXBuildFile; fileRef = 4BD6EB6F27BA22F600F0E6D0 /* MainView.swift */; };
/* End PBXBuildFile section */

/* Begin PBXContainerItemProxy section */
		4BBB180327ADEFD600914D47 /* PBXContainerItemProxy */ = {
			isa = PBXContainerItemProxy;
			containerPortal = 4BBB17E927ADEFD400914D47 /* Project object */;
			proxyType = 1;
			remoteGlobalIDString = 4BBB17F427ADEFD600914D47;
			remoteInfo = "DesignPatterns (iOS)";
		};
		4BBB180F27ADEFD600914D47 /* PBXContainerItemProxy */ = {
			isa = PBXContainerItemProxy;
			containerPortal = 4BBB17E927ADEFD400914D47 /* Project object */;
			proxyType = 1;
			remoteGlobalIDString = 4BBB17FA27ADEFD600914D47;
			remoteInfo = "DesignPatterns (macOS)";
		};
/* End PBXContainerItemProxy section */

/* Begin PBXFileReference section */
		4B5A3FA627B00282006FFF2D /* CodeView.swift */ = {isa = PBXFileReference; lastKnownFileType = sourcecode.swift; path = CodeView.swift; sourceTree = "<group>"; };
		4B658ED9281E26510093AEAF /* SplashScreen.swift */ = {isa = PBXFileReference; lastKnownFileType = sourcecode.swift; path = SplashScreen.swift; sourceTree = "<group>"; };
		4B658EDB281E35980093AEAF /* SplashShape.swift */ = {isa = PBXFileReference; lastKnownFileType = sourcecode.swift; path = SplashShape.swift; sourceTree = "<group>"; };
		4B658EDD281E363D0093AEAF /* DesignPatterns--iOS--Info.plist */ = {isa = PBXFileReference; lastKnownFileType = text.plist; path = "DesignPatterns--iOS--Info.plist"; sourceTree = "<group>"; };
		4B8210062813B9B500A7B9FA /* BehavioralPatterns.swift */ = {isa = PBXFileReference; lastKnownFileType = sourcecode.swift; path = BehavioralPatterns.swift; sourceTree = "<group>"; };
		4B8210082813C84600A7B9FA /* CreationalPatterns.swift */ = {isa = PBXFileReference; lastKnownFileType = sourcecode.swift; path = CreationalPatterns.swift; sourceTree = "<group>"; };
		4B82100A2813CC9C00A7B9FA /* StructuralPatterns.swift */ = {isa = PBXFileReference; lastKnownFileType = sourcecode.swift; path = StructuralPatterns.swift; sourceTree = "<group>"; };
		4B82100E2815308200A7B9FA /* ExplanationView.swift */ = {isa = PBXFileReference; lastKnownFileType = sourcecode.swift; path = ExplanationView.swift; sourceTree = "<group>"; };
		4B821010281532E500A7B9FA /* CommonProtocols.swift */ = {isa = PBXFileReference; lastKnownFileType = sourcecode.swift; path = CommonProtocols.swift; sourceTree = "<group>"; };
		4B8210152815337000A7B9FA /* StrategyPatternView.swift */ = {isa = PBXFileReference; lastKnownFileType = sourcecode.swift; path = StrategyPatternView.swift; sourceTree = "<group>"; };
		4B82101A281533C000A7B9FA /* StrategyPatternViewModel.swift */ = {isa = PBXFileReference; lastKnownFileType = sourcecode.swift; path = StrategyPatternViewModel.swift; sourceTree = "<group>"; };
		4BBB17EE27ADEFD400914D47 /* DesignPatternsApp.swift */ = {isa = PBXFileReference; lastKnownFileType = sourcecode.swift; path = DesignPatternsApp.swift; sourceTree = "<group>"; };
		4BBB17EF27ADEFD400914D47 /* ContentView.swift */ = {isa = PBXFileReference; lastKnownFileType = sourcecode.swift; path = ContentView.swift; sourceTree = "<group>"; };
		4BBB17F027ADEFD600914D47 /* Assets.xcassets */ = {isa = PBXFileReference; lastKnownFileType = folder.assetcatalog; path = Assets.xcassets; sourceTree = "<group>"; };
		4BBB17F527ADEFD600914D47 /* DesignPatterns.app */ = {isa = PBXFileReference; explicitFileType = wrapper.application; includeInIndex = 0; path = DesignPatterns.app; sourceTree = BUILT_PRODUCTS_DIR; };
		4BBB17FB27ADEFD600914D47 /* DesignPatterns.app */ = {isa = PBXFileReference; explicitFileType = wrapper.application; includeInIndex = 0; path = DesignPatterns.app; sourceTree = BUILT_PRODUCTS_DIR; };
		4BBB17FD27ADEFD600914D47 /* macOS.entitlements */ = {isa = PBXFileReference; lastKnownFileType = text.plist.entitlements; path = macOS.entitlements; sourceTree = "<group>"; };
		4BBB180227ADEFD600914D47 /* Tests iOS.xctest */ = {isa = PBXFileReference; explicitFileType = wrapper.cfbundle; includeInIndex = 0; path = "Tests iOS.xctest"; sourceTree = BUILT_PRODUCTS_DIR; };
		4BBB180627ADEFD600914D47 /* Tests_iOS.swift */ = {isa = PBXFileReference; lastKnownFileType = sourcecode.swift; path = Tests_iOS.swift; sourceTree = "<group>"; };
		4BBB180827ADEFD600914D47 /* Tests_iOSLaunchTests.swift */ = {isa = PBXFileReference; lastKnownFileType = sourcecode.swift; path = Tests_iOSLaunchTests.swift; sourceTree = "<group>"; };
		4BBB180E27ADEFD600914D47 /* Tests macOS.xctest */ = {isa = PBXFileReference; explicitFileType = wrapper.cfbundle; includeInIndex = 0; path = "Tests macOS.xctest"; sourceTree = BUILT_PRODUCTS_DIR; };
		4BBB181227ADEFD600914D47 /* Tests_macOS.swift */ = {isa = PBXFileReference; lastKnownFileType = sourcecode.swift; path = Tests_macOS.swift; sourceTree = "<group>"; };
		4BBB181427ADEFD600914D47 /* Tests_macOSLaunchTests.swift */ = {isa = PBXFileReference; lastKnownFileType = sourcecode.swift; path = Tests_macOSLaunchTests.swift; sourceTree = "<group>"; };
		4BBB182B27ADF01D00914D47 /* IDesignPattern.swift */ = {isa = PBXFileReference; lastKnownFileType = sourcecode.swift; path = IDesignPattern.swift; sourceTree = "<group>"; };
		4BBB183227ADF38B00914D47 /* Tree.swift */ = {isa = PBXFileReference; lastKnownFileType = sourcecode.swift; path = Tree.swift; sourceTree = "<group>"; };
		4BBB183627ADF4A000914D47 /* TreeView.swift */ = {isa = PBXFileReference; lastKnownFileType = sourcecode.swift; path = TreeView.swift; sourceTree = "<group>"; };
		4BBB183927ADFCE800914D47 /* NodeView.swift */ = {isa = PBXFileReference; lastKnownFileType = sourcecode.swift; path = NodeView.swift; sourceTree = "<group>"; };
		4BBB183C27AE140400914D47 /* README.md */ = {isa = PBXFileReference; fileEncoding = 4; lastKnownFileType = net.daringfireball.markdown; name = README.md; path = ../README.md; sourceTree = "<group>"; };
		4BBB184027AE249000914D47 /* CollectDict.swift */ = {isa = PBXFileReference; lastKnownFileType = sourcecode.swift; path = CollectDict.swift; sourceTree = "<group>"; };
		4BBB184327AE24D100914D47 /* Line.swift */ = {isa = PBXFileReference; lastKnownFileType = sourcecode.swift; path = Line.swift; sourceTree = "<group>"; };
		4BD6EB4F27B9D82500F0E6D0 /* CommonExtension.swift */ = {isa = PBXFileReference; lastKnownFileType = sourcecode.swift; path = CommonExtension.swift; sourceTree = "<group>"; };
		4BD6EB5127B9DC3A00F0E6D0 /* StructuralPatternsView.swift */ = {isa = PBXFileReference; lastKnownFileType = sourcecode.swift; path = StructuralPatternsView.swift; sourceTree = "<group>"; };
		4BD6EB5427B9DC5C00F0E6D0 /* BehavioralPatternsView.swift */ = {isa = PBXFileReference; lastKnownFileType = sourcecode.swift; path = BehavioralPatternsView.swift; sourceTree = "<group>"; };
		4BD6EB5727B9DC6900F0E6D0 /* CreationalPatternsView.swift */ = {isa = PBXFileReference; lastKnownFileType = sourcecode.swift; path = CreationalPatternsView.swift; sourceTree = "<group>"; };
		4BD6EB5A27B9DF0C00F0E6D0 /* SizePreferenceKey.swift */ = {isa = PBXFileReference; lastKnownFileType = sourcecode.swift; path = SizePreferenceKey.swift; sourceTree = "<group>"; };
		4BD6EB6427BA118C00F0E6D0 /* eDesignPattern.swift */ = {isa = PBXFileReference; lastKnownFileType = sourcecode.swift; path = eDesignPattern.swift; sourceTree = "<group>"; };
		4BD6EB6827BA137C00F0E6D0 /* MainNavigationCell.swift */ = {isa = PBXFileReference; lastKnownFileType = sourcecode.swift; path = MainNavigationCell.swift; sourceTree = "<group>"; };
		4BD6EB6C27BA175000F0E6D0 /* InitialDataFetcher.swift */ = {isa = PBXFileReference; lastKnownFileType = sourcecode.swift; path = InitialDataFetcher.swift; sourceTree = "<group>"; };
		4BD6EB6F27BA22F600F0E6D0 /* MainView.swift */ = {isa = PBXFileReference; lastKnownFileType = sourcecode.swift; path = MainView.swift; sourceTree = "<group>"; };
/* End PBXFileReference section */

/* Begin PBXFrameworksBuildPhase section */
		4BBB17F227ADEFD600914D47 /* Frameworks */ = {
			isa = PBXFrameworksBuildPhase;
			buildActionMask = 2147483647;
			files = (
				4B5A3FAB27B002C3006FFF2D /* CodeViewer in Frameworks */,
				4BD6EB5F27B9E78F00F0E6D0 /* WikipediaKit in Frameworks */,
				4BD6EB6227B9E82200F0E6D0 /* CodeViewer in Frameworks */,
			);
			runOnlyForDeploymentPostprocessing = 0;
		};
		4BBB17F827ADEFD600914D47 /* Frameworks */ = {
			isa = PBXFrameworksBuildPhase;
			buildActionMask = 2147483647;
			files = (
			);
			runOnlyForDeploymentPostprocessing = 0;
		};
		4BBB17FF27ADEFD600914D47 /* Frameworks */ = {
			isa = PBXFrameworksBuildPhase;
			buildActionMask = 2147483647;
			files = (
			);
			runOnlyForDeploymentPostprocessing = 0;
		};
		4BBB180B27ADEFD600914D47 /* Frameworks */ = {
			isa = PBXFrameworksBuildPhase;
			buildActionMask = 2147483647;
			files = (
			);
			runOnlyForDeploymentPostprocessing = 0;
		};
/* End PBXFrameworksBuildPhase section */

/* Begin PBXGroup section */
		4B5A3FA527B00271006FFF2D /* View */ = {
			isa = PBXGroup;
			children = (
				4B8210142815334400A7B9FA /* Creational */,
				4B8210132815333E00A7B9FA /* Structural */,
				4B8210122815333600A7B9FA /* Behavioral */,
				4BD6EB6727BA136B00F0E6D0 /* Cell */,
				4B5A3FA627B00282006FFF2D /* CodeView.swift */,
				4BD6EB6F27BA22F600F0E6D0 /* MainView.swift */,
				4B82100E2815308200A7B9FA /* ExplanationView.swift */,
				4B658ED9281E26510093AEAF /* SplashScreen.swift */,
			);
			path = View;
			sourceTree = "<group>";
		};
		4B5A3FA927B002C3006FFF2D /* Frameworks */ = {
			isa = PBXGroup;
			children = (
			);
			name = Frameworks;
			sourceTree = "<group>";
		};
		4B8210122815333600A7B9FA /* Behavioral */ = {
			isa = PBXGroup;
			children = (
				4BD6EB5427B9DC5C00F0E6D0 /* BehavioralPatternsView.swift */,
				4B8210152815337000A7B9FA /* StrategyPatternView.swift */,
			);
			path = Behavioral;
			sourceTree = "<group>";
		};
		4B8210132815333E00A7B9FA /* Structural */ = {
			isa = PBXGroup;
			children = (
				4BD6EB5127B9DC3A00F0E6D0 /* StructuralPatternsView.swift */,
			);
			path = Structural;
			sourceTree = "<group>";
		};
		4B8210142815334400A7B9FA /* Creational */ = {
			isa = PBXGroup;
			children = (
				4BD6EB5727B9DC6900F0E6D0 /* CreationalPatternsView.swift */,
			);
			path = Creational;
			sourceTree = "<group>";
		};
		4B8210172815339800A7B9FA /* Creational */ = {
			isa = PBXGroup;
			children = (
			);
			path = Creational;
			sourceTree = "<group>";
		};
		4B8210182815339F00A7B9FA /* Behavioral */ = {
			isa = PBXGroup;
			children = (
				4B82101A281533C000A7B9FA /* StrategyPatternViewModel.swift */,
			);
			path = Behavioral;
			sourceTree = "<group>";
		};
		4B821019281533A500A7B9FA /* Structural */ = {
			isa = PBXGroup;
			children = (
			);
			path = Structural;
			sourceTree = "<group>";
		};
		4BBB17E827ADEFD400914D47 = {
			isa = PBXGroup;
			children = (
				4B658EDD281E363D0093AEAF /* DesignPatterns--iOS--Info.plist */,
				4BBB183C27AE140400914D47 /* README.md */,
				4BBB17ED27ADEFD400914D47 /* Shared */,
				4BBB17FC27ADEFD600914D47 /* macOS */,
				4BBB180527ADEFD600914D47 /* Tests iOS */,
				4BBB181127ADEFD600914D47 /* Tests macOS */,
				4BBB17F627ADEFD600914D47 /* Products */,
				4B5A3FA927B002C3006FFF2D /* Frameworks */,
			);
			sourceTree = "<group>";
		};
		4BBB17ED27ADEFD400914D47 /* Shared */ = {
			isa = PBXGroup;
			children = (
				4BD6EB6B27BA173B00F0E6D0 /* ViewModel */,
				4BD6EB6327BA117A00F0E6D0 /* Enum */,
				4BD6EB4E27B9D7FC00F0E6D0 /* CommonExtension */,
				4B5A3FA527B00271006FFF2D /* View */,
				4BBB184227AE24C700914D47 /* Shape */,
				4BBB183F27AE247C00914D47 /* PreferenceKeys */,
				4BBB183527ADF48300914D47 /* Diagram */,
				4BBB183127ADF37800914D47 /* ADT */,
				4BBB182A27ADEFF900914D47 /* Protocols */,
				4BBB17EE27ADEFD400914D47 /* DesignPatternsApp.swift */,
				4BBB17EF27ADEFD400914D47 /* ContentView.swift */,
				4BBB17F027ADEFD600914D47 /* Assets.xcassets */,
			);
			path = Shared;
			sourceTree = "<group>";
		};
		4BBB17F627ADEFD600914D47 /* Products */ = {
			isa = PBXGroup;
			children = (
				4BBB17F527ADEFD600914D47 /* DesignPatterns.app */,
				4BBB17FB27ADEFD600914D47 /* DesignPatterns.app */,
				4BBB180227ADEFD600914D47 /* Tests iOS.xctest */,
				4BBB180E27ADEFD600914D47 /* Tests macOS.xctest */,
			);
			name = Products;
			sourceTree = "<group>";
		};
		4BBB17FC27ADEFD600914D47 /* macOS */ = {
			isa = PBXGroup;
			children = (
				4BBB17FD27ADEFD600914D47 /* macOS.entitlements */,
			);
			path = macOS;
			sourceTree = "<group>";
		};
		4BBB180527ADEFD600914D47 /* Tests iOS */ = {
			isa = PBXGroup;
			children = (
				4BBB180627ADEFD600914D47 /* Tests_iOS.swift */,
				4BBB180827ADEFD600914D47 /* Tests_iOSLaunchTests.swift */,
			);
			path = "Tests iOS";
			sourceTree = "<group>";
		};
		4BBB181127ADEFD600914D47 /* Tests macOS */ = {
			isa = PBXGroup;
			children = (
				4BBB181227ADEFD600914D47 /* Tests_macOS.swift */,
				4BBB181427ADEFD600914D47 /* Tests_macOSLaunchTests.swift */,
			);
			path = "Tests macOS";
			sourceTree = "<group>";
		};
		4BBB182A27ADEFF900914D47 /* Protocols */ = {
			isa = PBXGroup;
			children = (
				4BBB183027ADF0CF00914D47 /* Behavioral */,
				4BBB182F27ADF0C500914D47 /* Structural */,
				4BBB182E27ADF0BD00914D47 /* Creational */,
				4BBB182B27ADF01D00914D47 /* IDesignPattern.swift */,
				4B821010281532E500A7B9FA /* CommonProtocols.swift */,
			);
			path = Protocols;
			sourceTree = "<group>";
		};
		4BBB182E27ADF0BD00914D47 /* Creational */ = {
			isa = PBXGroup;
			children = (
				4B8210082813C84600A7B9FA /* CreationalPatterns.swift */,
			);
			path = Creational;
			sourceTree = "<group>";
		};
		4BBB182F27ADF0C500914D47 /* Structural */ = {
			isa = PBXGroup;
			children = (
				4B82100A2813CC9C00A7B9FA /* StructuralPatterns.swift */,
			);
			path = Structural;
			sourceTree = "<group>";
		};
		4BBB183027ADF0CF00914D47 /* Behavioral */ = {
			isa = PBXGroup;
			children = (
				4B8210062813B9B500A7B9FA /* BehavioralPatterns.swift */,
			);
			path = Behavioral;
			sourceTree = "<group>";
		};
		4BBB183127ADF37800914D47 /* ADT */ = {
			isa = PBXGroup;
			children = (
				4BBB183227ADF38B00914D47 /* Tree.swift */,
			);
			path = ADT;
			sourceTree = "<group>";
		};
		4BBB183527ADF48300914D47 /* Diagram */ = {
			isa = PBXGroup;
			children = (
				4BBB183627ADF4A000914D47 /* TreeView.swift */,
				4BBB183927ADFCE800914D47 /* NodeView.swift */,
			);
			path = Diagram;
			sourceTree = "<group>";
		};
		4BBB183F27AE247C00914D47 /* PreferenceKeys */ = {
			isa = PBXGroup;
			children = (
				4BBB184027AE249000914D47 /* CollectDict.swift */,
				4BD6EB5A27B9DF0C00F0E6D0 /* SizePreferenceKey.swift */,
			);
			path = PreferenceKeys;
			sourceTree = "<group>";
		};
		4BBB184227AE24C700914D47 /* Shape */ = {
			isa = PBXGroup;
			children = (
				4BBB184327AE24D100914D47 /* Line.swift */,
				4B658EDB281E35980093AEAF /* SplashShape.swift */,
			);
			path = Shape;
			sourceTree = "<group>";
		};
		4BD6EB4E27B9D7FC00F0E6D0 /* CommonExtension */ = {
			isa = PBXGroup;
			children = (
				4BD6EB4F27B9D82500F0E6D0 /* CommonExtension.swift */,
			);
			path = CommonExtension;
			sourceTree = "<group>";
		};
		4BD6EB6327BA117A00F0E6D0 /* Enum */ = {
			isa = PBXGroup;
			children = (
				4BD6EB6427BA118C00F0E6D0 /* eDesignPattern.swift */,
			);
			path = Enum;
			sourceTree = "<group>";
		};
		4BD6EB6727BA136B00F0E6D0 /* Cell */ = {
			isa = PBXGroup;
			children = (
				4BD6EB6827BA137C00F0E6D0 /* MainNavigationCell.swift */,
			);
			path = Cell;
			sourceTree = "<group>";
		};
		4BD6EB6B27BA173B00F0E6D0 /* ViewModel */ = {
			isa = PBXGroup;
			children = (
				4B821019281533A500A7B9FA /* Structural */,
				4B8210182815339F00A7B9FA /* Behavioral */,
				4B8210172815339800A7B9FA /* Creational */,
				4BD6EB6C27BA175000F0E6D0 /* InitialDataFetcher.swift */,
			);
			path = ViewModel;
			sourceTree = "<group>";
		};
/* End PBXGroup section */

/* Begin PBXNativeTarget section */
		4BBB17F427ADEFD600914D47 /* DesignPatterns (iOS) */ = {
			isa = PBXNativeTarget;
			buildConfigurationList = 4BBB181E27ADEFD600914D47 /* Build configuration list for PBXNativeTarget "DesignPatterns (iOS)" */;
			buildPhases = (
				4BBB17F127ADEFD600914D47 /* Sources */,
				4BBB17F227ADEFD600914D47 /* Frameworks */,
				4BBB17F327ADEFD600914D47 /* Resources */,
			);
			buildRules = (
			);
			dependencies = (
			);
			name = "DesignPatterns (iOS)";
			packageProductDependencies = (
				4B5A3FAA27B002C3006FFF2D /* CodeViewer */,
				4BD6EB5E27B9E78F00F0E6D0 /* WikipediaKit */,
				4BD6EB6127B9E82200F0E6D0 /* CodeViewer */,
			);
			productName = "DesignPatterns (iOS)";
			productReference = 4BBB17F527ADEFD600914D47 /* DesignPatterns.app */;
			productType = "com.apple.product-type.application";
		};
		4BBB17FA27ADEFD600914D47 /* DesignPatterns (macOS) */ = {
			isa = PBXNativeTarget;
			buildConfigurationList = 4BBB182127ADEFD600914D47 /* Build configuration list for PBXNativeTarget "DesignPatterns (macOS)" */;
			buildPhases = (
				4BBB17F727ADEFD600914D47 /* Sources */,
				4BBB17F827ADEFD600914D47 /* Frameworks */,
				4BBB17F927ADEFD600914D47 /* Resources */,
			);
			buildRules = (
			);
			dependencies = (
			);
			name = "DesignPatterns (macOS)";
			productName = "DesignPatterns (macOS)";
			productReference = 4BBB17FB27ADEFD600914D47 /* DesignPatterns.app */;
			productType = "com.apple.product-type.application";
		};
		4BBB180127ADEFD600914D47 /* Tests iOS */ = {
			isa = PBXNativeTarget;
			buildConfigurationList = 4BBB182427ADEFD600914D47 /* Build configuration list for PBXNativeTarget "Tests iOS" */;
			buildPhases = (
				4BBB17FE27ADEFD600914D47 /* Sources */,
				4BBB17FF27ADEFD600914D47 /* Frameworks */,
				4BBB180027ADEFD600914D47 /* Resources */,
			);
			buildRules = (
			);
			dependencies = (
				4BBB180427ADEFD600914D47 /* PBXTargetDependency */,
			);
			name = "Tests iOS";
			productName = "Tests iOS";
			productReference = 4BBB180227ADEFD600914D47 /* Tests iOS.xctest */;
			productType = "com.apple.product-type.bundle.ui-testing";
		};
		4BBB180D27ADEFD600914D47 /* Tests macOS */ = {
			isa = PBXNativeTarget;
			buildConfigurationList = 4BBB182727ADEFD600914D47 /* Build configuration list for PBXNativeTarget "Tests macOS" */;
			buildPhases = (
				4BBB180A27ADEFD600914D47 /* Sources */,
				4BBB180B27ADEFD600914D47 /* Frameworks */,
				4BBB180C27ADEFD600914D47 /* Resources */,
			);
			buildRules = (
			);
			dependencies = (
				4BBB181027ADEFD600914D47 /* PBXTargetDependency */,
			);
			name = "Tests macOS";
			productName = "Tests macOS";
			productReference = 4BBB180E27ADEFD600914D47 /* Tests macOS.xctest */;
			productType = "com.apple.product-type.bundle.ui-testing";
		};
/* End PBXNativeTarget section */

/* Begin PBXProject section */
		4BBB17E927ADEFD400914D47 /* Project object */ = {
			isa = PBXProject;
			attributes = {
				BuildIndependentTargetsInParallel = 1;
				LastSwiftUpdateCheck = 1320;
				LastUpgradeCheck = 1320;
				TargetAttributes = {
					4BBB17F427ADEFD600914D47 = {
						CreatedOnToolsVersion = 13.2.1;
					};
					4BBB17FA27ADEFD600914D47 = {
						CreatedOnToolsVersion = 13.2.1;
					};
					4BBB180127ADEFD600914D47 = {
						CreatedOnToolsVersion = 13.2.1;
						TestTargetID = 4BBB17F427ADEFD600914D47;
					};
					4BBB180D27ADEFD600914D47 = {
						CreatedOnToolsVersion = 13.2.1;
						TestTargetID = 4BBB17FA27ADEFD600914D47;
					};
				};
			};
			buildConfigurationList = 4BBB17EC27ADEFD400914D47 /* Build configuration list for PBXProject "DesignPatterns" */;
			compatibilityVersion = "Xcode 13.0";
			developmentRegion = en;
			hasScannedForEncodings = 0;
			knownRegions = (
				en,
				Base,
			);
			mainGroup = 4BBB17E827ADEFD400914D47;
			packageReferences = (
				4BD6EB5D27B9E78F00F0E6D0 /* XCRemoteSwiftPackageReference "WikipediaKit" */,
				4BD6EB6027B9E82200F0E6D0 /* XCRemoteSwiftPackageReference "CodeViewer" */,
			);
			productRefGroup = 4BBB17F627ADEFD600914D47 /* Products */;
			projectDirPath = "";
			projectRoot = "";
			targets = (
				4BBB17F427ADEFD600914D47 /* DesignPatterns (iOS) */,
				4BBB17FA27ADEFD600914D47 /* DesignPatterns (macOS) */,
				4BBB180127ADEFD600914D47 /* Tests iOS */,
				4BBB180D27ADEFD600914D47 /* Tests macOS */,
			);
		};
/* End PBXProject section */

/* Begin PBXResourcesBuildPhase section */
		4BBB17F327ADEFD600914D47 /* Resources */ = {
			isa = PBXResourcesBuildPhase;
			buildActionMask = 2147483647;
			files = (
				4BBB183D27AE140400914D47 /* README.md in Resources */,
				4BBB181A27ADEFD600914D47 /* Assets.xcassets in Resources */,
			);
			runOnlyForDeploymentPostprocessing = 0;
		};
		4BBB17F927ADEFD600914D47 /* Resources */ = {
			isa = PBXResourcesBuildPhase;
			buildActionMask = 2147483647;
			files = (
				4BBB183E27AE140400914D47 /* README.md in Resources */,
				4BBB181B27ADEFD600914D47 /* Assets.xcassets in Resources */,
			);
			runOnlyForDeploymentPostprocessing = 0;
		};
		4BBB180027ADEFD600914D47 /* Resources */ = {
			isa = PBXResourcesBuildPhase;
			buildActionMask = 2147483647;
			files = (
			);
			runOnlyForDeploymentPostprocessing = 0;
		};
		4BBB180C27ADEFD600914D47 /* Resources */ = {
			isa = PBXResourcesBuildPhase;
			buildActionMask = 2147483647;
			files = (
			);
			runOnlyForDeploymentPostprocessing = 0;
		};
/* End PBXResourcesBuildPhase section */

/* Begin PBXSourcesBuildPhase section */
		4BBB17F127ADEFD600914D47 /* Sources */ = {
			isa = PBXSourcesBuildPhase;
			buildActionMask = 2147483647;
			files = (
				4B658EDC281E35980093AEAF /* SplashShape.swift in Sources */,
				4B8210162815337000A7B9FA /* StrategyPatternView.swift in Sources */,
				4BD6EB5827B9DC6900F0E6D0 /* CreationalPatternsView.swift in Sources */,
				4BD6EB7027BA22F600F0E6D0 /* MainView.swift in Sources */,
				4BD6EB5027B9D82500F0E6D0 /* CommonExtension.swift in Sources */,
				4BD6EB6527BA118C00F0E6D0 /* eDesignPattern.swift in Sources */,
				4B5A3FA727B00282006FFF2D /* CodeView.swift in Sources */,
				4B8210072813B9B500A7B9FA /* BehavioralPatterns.swift in Sources */,
				4BBB184127AE249000914D47 /* CollectDict.swift in Sources */,
				4BBB182C27ADF01D00914D47 /* IDesignPattern.swift in Sources */,
				4BD6EB5527B9DC5C00F0E6D0 /* BehavioralPatternsView.swift in Sources */,
				4B82101B281533C000A7B9FA /* StrategyPatternViewModel.swift in Sources */,
				4B821011281532E500A7B9FA /* CommonProtocols.swift in Sources */,
				4BBB183327ADF38B00914D47 /* Tree.swift in Sources */,
				4BD6EB6927BA137C00F0E6D0 /* MainNavigationCell.swift in Sources */,
				4BD6EB5B27B9DF0C00F0E6D0 /* SizePreferenceKey.swift in Sources */,
				4BBB183A27ADFCE800914D47 /* NodeView.swift in Sources */,
				4BD6EB6D27BA175000F0E6D0 /* InitialDataFetcher.swift in Sources */,
				4BD6EB5227B9DC3A00F0E6D0 /* StructuralPatternsView.swift in Sources */,
				4BBB181827ADEFD600914D47 /* ContentView.swift in Sources */,
				4BBB184427AE24D100914D47 /* Line.swift in Sources */,
				4B658EDA281E26510093AEAF /* SplashScreen.swift in Sources */,
				4B82100B2813CC9C00A7B9FA /* StructuralPatterns.swift in Sources */,
				4BBB181627ADEFD600914D47 /* DesignPatternsApp.swift in Sources */,
				4B8210092813C84600A7B9FA /* CreationalPatterns.swift in Sources */,
				4B82100F2815308200A7B9FA /* ExplanationView.swift in Sources */,
				4BBB183727ADF4A000914D47 /* TreeView.swift in Sources */,
			);
			runOnlyForDeploymentPostprocessing = 0;
		};
		4BBB17F727ADEFD600914D47 /* Sources */ = {
			isa = PBXSourcesBuildPhase;
			buildActionMask = 2147483647;
			files = (
				4BBB182D27ADF01D00914D47 /* IDesignPattern.swift in Sources */,
				4BD6EB5627B9DC5C00F0E6D0 /* BehavioralPatternsView.swift in Sources */,
				4BBB183427ADF38B00914D47 /* Tree.swift in Sources */,
				4BBB183B27ADFCE800914D47 /* NodeView.swift in Sources */,
				4BD6EB6A27BA137C00F0E6D0 /* MainNavigationCell.swift in Sources */,
				4BD6EB5C27B9DF0C00F0E6D0 /* SizePreferenceKey.swift in Sources */,
				4BBB181927ADEFD600914D47 /* ContentView.swift in Sources */,
				4BD6EB5327B9DC3A00F0E6D0 /* StructuralPatternsView.swift in Sources */,
				4BBB181727ADEFD600914D47 /* DesignPatternsApp.swift in Sources */,
				4BD6EB6E27BA175000F0E6D0 /* InitialDataFetcher.swift in Sources */,
				4BD6EB6627BA118C00F0E6D0 /* eDesignPattern.swift in Sources */,
				4BBB183827ADF4A000914D47 /* TreeView.swift in Sources */,
				4B5A3FA827B00282006FFF2D /* CodeView.swift in Sources */,
				4BD6EB7127BA22F600F0E6D0 /* MainView.swift in Sources */,
				4BD6EB5927B9DC6900F0E6D0 /* CreationalPatternsView.swift in Sources */,
			);
			runOnlyForDeploymentPostprocessing = 0;
		};
		4BBB17FE27ADEFD600914D47 /* Sources */ = {
			isa = PBXSourcesBuildPhase;
			buildActionMask = 2147483647;
			files = (
				4BBB180927ADEFD600914D47 /* Tests_iOSLaunchTests.swift in Sources */,
				4BBB180727ADEFD600914D47 /* Tests_iOS.swift in Sources */,
			);
			runOnlyForDeploymentPostprocessing = 0;
		};
		4BBB180A27ADEFD600914D47 /* Sources */ = {
			isa = PBXSourcesBuildPhase;
			buildActionMask = 2147483647;
			files = (
				4BBB181527ADEFD600914D47 /* Tests_macOSLaunchTests.swift in Sources */,
				4BBB181327ADEFD600914D47 /* Tests_macOS.swift in Sources */,
			);
			runOnlyForDeploymentPostprocessing = 0;
		};
/* End PBXSourcesBuildPhase section */

/* Begin PBXTargetDependency section */
		4BBB180427ADEFD600914D47 /* PBXTargetDependency */ = {
			isa = PBXTargetDependency;
			target = 4BBB17F427ADEFD600914D47 /* DesignPatterns (iOS) */;
			targetProxy = 4BBB180327ADEFD600914D47 /* PBXContainerItemProxy */;
		};
		4BBB181027ADEFD600914D47 /* PBXTargetDependency */ = {
			isa = PBXTargetDependency;
			target = 4BBB17FA27ADEFD600914D47 /* DesignPatterns (macOS) */;
			targetProxy = 4BBB180F27ADEFD600914D47 /* PBXContainerItemProxy */;
		};
/* End PBXTargetDependency section */

/* Begin XCBuildConfiguration section */
		4BBB181C27ADEFD600914D47 /* Debug */ = {
			isa = XCBuildConfiguration;
			buildSettings = {
				ALWAYS_SEARCH_USER_PATHS = NO;
				CLANG_ANALYZER_NONNULL = YES;
				CLANG_ANALYZER_NUMBER_OBJECT_CONVERSION = YES_AGGRESSIVE;
				CLANG_CXX_LANGUAGE_STANDARD = "gnu++17";
				CLANG_CXX_LIBRARY = "libc++";
				CLANG_ENABLE_MODULES = YES;
				CLANG_ENABLE_OBJC_ARC = YES;
				CLANG_ENABLE_OBJC_WEAK = YES;
				CLANG_WARN_BLOCK_CAPTURE_AUTORELEASING = YES;
				CLANG_WARN_BOOL_CONVERSION = YES;
				CLANG_WARN_COMMA = YES;
				CLANG_WARN_CONSTANT_CONVERSION = YES;
				CLANG_WARN_DEPRECATED_OBJC_IMPLEMENTATIONS = YES;
				CLANG_WARN_DIRECT_OBJC_ISA_USAGE = YES_ERROR;
				CLANG_WARN_DOCUMENTATION_COMMENTS = YES;
				CLANG_WARN_EMPTY_BODY = YES;
				CLANG_WARN_ENUM_CONVERSION = YES;
				CLANG_WARN_INFINITE_RECURSION = YES;
				CLANG_WARN_INT_CONVERSION = YES;
				CLANG_WARN_NON_LITERAL_NULL_CONVERSION = YES;
				CLANG_WARN_OBJC_IMPLICIT_RETAIN_SELF = YES;
				CLANG_WARN_OBJC_LITERAL_CONVERSION = YES;
				CLANG_WARN_OBJC_ROOT_CLASS = YES_ERROR;
				CLANG_WARN_QUOTED_INCLUDE_IN_FRAMEWORK_HEADER = YES;
				CLANG_WARN_RANGE_LOOP_ANALYSIS = YES;
				CLANG_WARN_STRICT_PROTOTYPES = YES;
				CLANG_WARN_SUSPICIOUS_MOVE = YES;
				CLANG_WARN_UNGUARDED_AVAILABILITY = YES_AGGRESSIVE;
				CLANG_WARN_UNREACHABLE_CODE = YES;
				CLANG_WARN__DUPLICATE_METHOD_MATCH = YES;
				COPY_PHASE_STRIP = NO;
				DEBUG_INFORMATION_FORMAT = dwarf;
				ENABLE_STRICT_OBJC_MSGSEND = YES;
				ENABLE_TESTABILITY = YES;
				GCC_C_LANGUAGE_STANDARD = gnu11;
				GCC_DYNAMIC_NO_PIC = NO;
				GCC_NO_COMMON_BLOCKS = YES;
				GCC_OPTIMIZATION_LEVEL = 0;
				GCC_PREPROCESSOR_DEFINITIONS = (
					"DEBUG=1",
					"$(inherited)",
				);
				GCC_WARN_64_TO_32_BIT_CONVERSION = YES;
				GCC_WARN_ABOUT_RETURN_TYPE = YES_ERROR;
				GCC_WARN_UNDECLARED_SELECTOR = YES;
				GCC_WARN_UNINITIALIZED_AUTOS = YES_AGGRESSIVE;
				GCC_WARN_UNUSED_FUNCTION = YES;
				GCC_WARN_UNUSED_VARIABLE = YES;
				MTL_ENABLE_DEBUG_INFO = INCLUDE_SOURCE;
				MTL_FAST_MATH = YES;
				ONLY_ACTIVE_ARCH = YES;
				SWIFT_ACTIVE_COMPILATION_CONDITIONS = DEBUG;
				SWIFT_OPTIMIZATION_LEVEL = "-Onone";
			};
			name = Debug;
		};
		4BBB181D27ADEFD600914D47 /* Release */ = {
			isa = XCBuildConfiguration;
			buildSettings = {
				ALWAYS_SEARCH_USER_PATHS = NO;
				CLANG_ANALYZER_NONNULL = YES;
				CLANG_ANALYZER_NUMBER_OBJECT_CONVERSION = YES_AGGRESSIVE;
				CLANG_CXX_LANGUAGE_STANDARD = "gnu++17";
				CLANG_CXX_LIBRARY = "libc++";
				CLANG_ENABLE_MODULES = YES;
				CLANG_ENABLE_OBJC_ARC = YES;
				CLANG_ENABLE_OBJC_WEAK = YES;
				CLANG_WARN_BLOCK_CAPTURE_AUTORELEASING = YES;
				CLANG_WARN_BOOL_CONVERSION = YES;
				CLANG_WARN_COMMA = YES;
				CLANG_WARN_CONSTANT_CONVERSION = YES;
				CLANG_WARN_DEPRECATED_OBJC_IMPLEMENTATIONS = YES;
				CLANG_WARN_DIRECT_OBJC_ISA_USAGE = YES_ERROR;
				CLANG_WARN_DOCUMENTATION_COMMENTS = YES;
				CLANG_WARN_EMPTY_BODY = YES;
				CLANG_WARN_ENUM_CONVERSION = YES;
				CLANG_WARN_INFINITE_RECURSION = YES;
				CLANG_WARN_INT_CONVERSION = YES;
				CLANG_WARN_NON_LITERAL_NULL_CONVERSION = YES;
				CLANG_WARN_OBJC_IMPLICIT_RETAIN_SELF = YES;
				CLANG_WARN_OBJC_LITERAL_CONVERSION = YES;
				CLANG_WARN_OBJC_ROOT_CLASS = YES_ERROR;
				CLANG_WARN_QUOTED_INCLUDE_IN_FRAMEWORK_HEADER = YES;
				CLANG_WARN_RANGE_LOOP_ANALYSIS = YES;
				CLANG_WARN_STRICT_PROTOTYPES = YES;
				CLANG_WARN_SUSPICIOUS_MOVE = YES;
				CLANG_WARN_UNGUARDED_AVAILABILITY = YES_AGGRESSIVE;
				CLANG_WARN_UNREACHABLE_CODE = YES;
				CLANG_WARN__DUPLICATE_METHOD_MATCH = YES;
				COPY_PHASE_STRIP = NO;
				DEBUG_INFORMATION_FORMAT = "dwarf-with-dsym";
				ENABLE_NS_ASSERTIONS = NO;
				ENABLE_STRICT_OBJC_MSGSEND = YES;
				GCC_C_LANGUAGE_STANDARD = gnu11;
				GCC_NO_COMMON_BLOCKS = YES;
				GCC_WARN_64_TO_32_BIT_CONVERSION = YES;
				GCC_WARN_ABOUT_RETURN_TYPE = YES_ERROR;
				GCC_WARN_UNDECLARED_SELECTOR = YES;
				GCC_WARN_UNINITIALIZED_AUTOS = YES_AGGRESSIVE;
				GCC_WARN_UNUSED_FUNCTION = YES;
				GCC_WARN_UNUSED_VARIABLE = YES;
				MTL_ENABLE_DEBUG_INFO = NO;
				MTL_FAST_MATH = YES;
				SWIFT_COMPILATION_MODE = wholemodule;
				SWIFT_OPTIMIZATION_LEVEL = "-O";
			};
			name = Release;
		};
		4BBB181F27ADEFD600914D47 /* Debug */ = {
			isa = XCBuildConfiguration;
			buildSettings = {
				ASSETCATALOG_COMPILER_APPICON_NAME = AppIcon;
				ASSETCATALOG_COMPILER_GLOBAL_ACCENT_COLOR_NAME = AccentColor;
				CODE_SIGN_STYLE = Automatic;
				CURRENT_PROJECT_VERSION = 1;
				DEVELOPMENT_TEAM = DMFD79A79A;
				ENABLE_PREVIEWS = YES;
				GENERATE_INFOPLIST_FILE = YES;
				INFOPLIST_FILE = "DesignPatterns--iOS--Info.plist";
				INFOPLIST_KEY_UIApplicationSceneManifest_Generation = YES;
				INFOPLIST_KEY_UIApplicationSupportsIndirectInputEvents = YES;
				INFOPLIST_KEY_UISupportedInterfaceOrientations_iPad = "UIInterfaceOrientationPortrait UIInterfaceOrientationPortraitUpsideDown UIInterfaceOrientationLandscapeLeft UIInterfaceOrientationLandscapeRight";
				INFOPLIST_KEY_UISupportedInterfaceOrientations_iPhone = "UIInterfaceOrientationPortrait UIInterfaceOrientationLandscapeLeft UIInterfaceOrientationLandscapeRight";
				IPHONEOS_DEPLOYMENT_TARGET = 15.2;
				LD_RUNPATH_SEARCH_PATHS = (
					"$(inherited)",
					"@executable_path/Frameworks",
				);
				MARKETING_VERSION = 1.0;
				PRODUCT_BUNDLE_IDENTIFIER = com.heecheonpark.DesignPatterns;
				PRODUCT_NAME = DesignPatterns;
				SDKROOT = iphoneos;
				SWIFT_EMIT_LOC_STRINGS = YES;
				SWIFT_VERSION = 5.0;
				TARGETED_DEVICE_FAMILY = "1,2";
			};
			name = Debug;
		};
		4BBB182027ADEFD600914D47 /* Release */ = {
			isa = XCBuildConfiguration;
			buildSettings = {
				ASSETCATALOG_COMPILER_APPICON_NAME = AppIcon;
				ASSETCATALOG_COMPILER_GLOBAL_ACCENT_COLOR_NAME = AccentColor;
				CODE_SIGN_STYLE = Automatic;
				CURRENT_PROJECT_VERSION = 1;
				DEVELOPMENT_TEAM = DMFD79A79A;
				ENABLE_PREVIEWS = YES;
				GENERATE_INFOPLIST_FILE = YES;
				INFOPLIST_FILE = "DesignPatterns--iOS--Info.plist";
				INFOPLIST_KEY_UIApplicationSceneManifest_Generation = YES;
				INFOPLIST_KEY_UIApplicationSupportsIndirectInputEvents = YES;
				INFOPLIST_KEY_UISupportedInterfaceOrientations_iPad = "UIInterfaceOrientationPortrait UIInterfaceOrientationPortraitUpsideDown UIInterfaceOrientationLandscapeLeft UIInterfaceOrientationLandscapeRight";
				INFOPLIST_KEY_UISupportedInterfaceOrientations_iPhone = "UIInterfaceOrientationPortrait UIInterfaceOrientationLandscapeLeft UIInterfaceOrientationLandscapeRight";
				IPHONEOS_DEPLOYMENT_TARGET = 15.2;
				LD_RUNPATH_SEARCH_PATHS = (
					"$(inherited)",
					"@executable_path/Frameworks",
				);
				MARKETING_VERSION = 1.0;
				PRODUCT_BUNDLE_IDENTIFIER = com.heecheonpark.DesignPatterns;
				PRODUCT_NAME = DesignPatterns;
				SDKROOT = iphoneos;
				SWIFT_EMIT_LOC_STRINGS = YES;
				SWIFT_VERSION = 5.0;
				TARGETED_DEVICE_FAMILY = "1,2";
				VALIDATE_PRODUCT = YES;
			};
			name = Release;
		};
		4BBB182227ADEFD600914D47 /* Debug */ = {
			isa = XCBuildConfiguration;
			buildSettings = {
				ASSETCATALOG_COMPILER_APPICON_NAME = AppIcon;
				ASSETCATALOG_COMPILER_GLOBAL_ACCENT_COLOR_NAME = AccentColor;
				CODE_SIGN_ENTITLEMENTS = macOS/macOS.entitlements;
				CODE_SIGN_STYLE = Automatic;
				COMBINE_HIDPI_IMAGES = YES;
				CURRENT_PROJECT_VERSION = 1;
				DEVELOPMENT_TEAM = DMFD79A79A;
				ENABLE_HARDENED_RUNTIME = YES;
				ENABLE_PREVIEWS = YES;
				GENERATE_INFOPLIST_FILE = YES;
				INFOPLIST_KEY_NSHumanReadableCopyright = "";
				LD_RUNPATH_SEARCH_PATHS = (
					"$(inherited)",
					"@executable_path/../Frameworks",
				);
				MACOSX_DEPLOYMENT_TARGET = 12.1;
				MARKETING_VERSION = 1.0;
				PRODUCT_BUNDLE_IDENTIFIER = com.heecheonpark.DesignPatterns;
				PRODUCT_NAME = DesignPatterns;
				SDKROOT = macosx;
				SWIFT_EMIT_LOC_STRINGS = YES;
				SWIFT_VERSION = 5.0;
			};
			name = Debug;
		};
		4BBB182327ADEFD600914D47 /* Release */ = {
			isa = XCBuildConfiguration;
			buildSettings = {
				ASSETCATALOG_COMPILER_APPICON_NAME = AppIcon;
				ASSETCATALOG_COMPILER_GLOBAL_ACCENT_COLOR_NAME = AccentColor;
				CODE_SIGN_ENTITLEMENTS = macOS/macOS.entitlements;
				CODE_SIGN_STYLE = Automatic;
				COMBINE_HIDPI_IMAGES = YES;
				CURRENT_PROJECT_VERSION = 1;
				DEVELOPMENT_TEAM = DMFD79A79A;
				ENABLE_HARDENED_RUNTIME = YES;
				ENABLE_PREVIEWS = YES;
				GENERATE_INFOPLIST_FILE = YES;
				INFOPLIST_KEY_NSHumanReadableCopyright = "";
				LD_RUNPATH_SEARCH_PATHS = (
					"$(inherited)",
					"@executable_path/../Frameworks",
				);
				MACOSX_DEPLOYMENT_TARGET = 12.1;
				MARKETING_VERSION = 1.0;
				PRODUCT_BUNDLE_IDENTIFIER = com.heecheonpark.DesignPatterns;
				PRODUCT_NAME = DesignPatterns;
				SDKROOT = macosx;
				SWIFT_EMIT_LOC_STRINGS = YES;
				SWIFT_VERSION = 5.0;
			};
			name = Release;
		};
		4BBB182527ADEFD600914D47 /* Debug */ = {
			isa = XCBuildConfiguration;
			buildSettings = {
				ALWAYS_EMBED_SWIFT_STANDARD_LIBRARIES = YES;
				CODE_SIGN_STYLE = Automatic;
				CURRENT_PROJECT_VERSION = 1;
				DEVELOPMENT_TEAM = DMFD79A79A;
				GENERATE_INFOPLIST_FILE = YES;
				IPHONEOS_DEPLOYMENT_TARGET = 15.2;
				MARKETING_VERSION = 1.0;
				PRODUCT_BUNDLE_IDENTIFIER = "com.heecheonpark.Tests-iOS";
				PRODUCT_NAME = "$(TARGET_NAME)";
				SDKROOT = iphoneos;
				SWIFT_EMIT_LOC_STRINGS = NO;
				SWIFT_VERSION = 5.0;
				TARGETED_DEVICE_FAMILY = "1,2";
				TEST_TARGET_NAME = "DesignPatterns (iOS)";
			};
			name = Debug;
		};
		4BBB182627ADEFD600914D47 /* Release */ = {
			isa = XCBuildConfiguration;
			buildSettings = {
				ALWAYS_EMBED_SWIFT_STANDARD_LIBRARIES = YES;
				CODE_SIGN_STYLE = Automatic;
				CURRENT_PROJECT_VERSION = 1;
				DEVELOPMENT_TEAM = DMFD79A79A;
				GENERATE_INFOPLIST_FILE = YES;
				IPHONEOS_DEPLOYMENT_TARGET = 15.2;
				MARKETING_VERSION = 1.0;
				PRODUCT_BUNDLE_IDENTIFIER = "com.heecheonpark.Tests-iOS";
				PRODUCT_NAME = "$(TARGET_NAME)";
				SDKROOT = iphoneos;
				SWIFT_EMIT_LOC_STRINGS = NO;
				SWIFT_VERSION = 5.0;
				TARGETED_DEVICE_FAMILY = "1,2";
				TEST_TARGET_NAME = "DesignPatterns (iOS)";
				VALIDATE_PRODUCT = YES;
			};
			name = Release;
		};
		4BBB182827ADEFD600914D47 /* Debug */ = {
			isa = XCBuildConfiguration;
			buildSettings = {
				ALWAYS_EMBED_SWIFT_STANDARD_LIBRARIES = YES;
				CODE_SIGN_STYLE = Automatic;
				CURRENT_PROJECT_VERSION = 1;
				DEVELOPMENT_TEAM = DMFD79A79A;
				GENERATE_INFOPLIST_FILE = YES;
				MACOSX_DEPLOYMENT_TARGET = 12.1;
				MARKETING_VERSION = 1.0;
				PRODUCT_BUNDLE_IDENTIFIER = "com.heecheonpark.Tests-macOS";
				PRODUCT_NAME = "$(TARGET_NAME)";
				SDKROOT = macosx;
				SWIFT_EMIT_LOC_STRINGS = NO;
				SWIFT_VERSION = 5.0;
				TEST_TARGET_NAME = "DesignPatterns (macOS)";
			};
			name = Debug;
		};
		4BBB182927ADEFD600914D47 /* Release */ = {
			isa = XCBuildConfiguration;
			buildSettings = {
				ALWAYS_EMBED_SWIFT_STANDARD_LIBRARIES = YES;
				CODE_SIGN_STYLE = Automatic;
				CURRENT_PROJECT_VERSION = 1;
				DEVELOPMENT_TEAM = DMFD79A79A;
				GENERATE_INFOPLIST_FILE = YES;
				MACOSX_DEPLOYMENT_TARGET = 12.1;
				MARKETING_VERSION = 1.0;
				PRODUCT_BUNDLE_IDENTIFIER = "com.heecheonpark.Tests-macOS";
				PRODUCT_NAME = "$(TARGET_NAME)";
				SDKROOT = macosx;
				SWIFT_EMIT_LOC_STRINGS = NO;
				SWIFT_VERSION = 5.0;
				TEST_TARGET_NAME = "DesignPatterns (macOS)";
			};
			name = Release;
		};
/* End XCBuildConfiguration section */

/* Begin XCConfigurationList section */
		4BBB17EC27ADEFD400914D47 /* Build configuration list for PBXProject "DesignPatterns" */ = {
			isa = XCConfigurationList;
			buildConfigurations = (
				4BBB181C27ADEFD600914D47 /* Debug */,
				4BBB181D27ADEFD600914D47 /* Release */,
			);
			defaultConfigurationIsVisible = 0;
			defaultConfigurationName = Release;
		};
		4BBB181E27ADEFD600914D47 /* Build configuration list for PBXNativeTarget "DesignPatterns (iOS)" */ = {
			isa = XCConfigurationList;
			buildConfigurations = (
				4BBB181F27ADEFD600914D47 /* Debug */,
				4BBB182027ADEFD600914D47 /* Release */,
			);
			defaultConfigurationIsVisible = 0;
			defaultConfigurationName = Release;
		};
		4BBB182127ADEFD600914D47 /* Build configuration list for PBXNativeTarget "DesignPatterns (macOS)" */ = {
			isa = XCConfigurationList;
			buildConfigurations = (
				4BBB182227ADEFD600914D47 /* Debug */,
				4BBB182327ADEFD600914D47 /* Release */,
			);
			defaultConfigurationIsVisible = 0;
			defaultConfigurationName = Release;
		};
		4BBB182427ADEFD600914D47 /* Build configuration list for PBXNativeTarget "Tests iOS" */ = {
			isa = XCConfigurationList;
			buildConfigurations = (
				4BBB182527ADEFD600914D47 /* Debug */,
				4BBB182627ADEFD600914D47 /* Release */,
			);
			defaultConfigurationIsVisible = 0;
			defaultConfigurationName = Release;
		};
		4BBB182727ADEFD600914D47 /* Build configuration list for PBXNativeTarget "Tests macOS" */ = {
			isa = XCConfigurationList;
			buildConfigurations = (
				4BBB182827ADEFD600914D47 /* Debug */,
				4BBB182927ADEFD600914D47 /* Release */,
			);
			defaultConfigurationIsVisible = 0;
			defaultConfigurationName = Release;
		};
/* End XCConfigurationList section */

/* Begin XCRemoteSwiftPackageReference section */
		4BD6EB5D27B9E78F00F0E6D0 /* XCRemoteSwiftPackageReference "WikipediaKit" */ = {
			isa = XCRemoteSwiftPackageReference;
			repositoryURL = "https://github.com/Raureif/WikipediaKit.git";
			requirement = {
				kind = upToNextMajorVersion;
				minimumVersion = 2.0.0;
			};
		};
		4BD6EB6027B9E82200F0E6D0 /* XCRemoteSwiftPackageReference "CodeViewer" */ = {
			isa = XCRemoteSwiftPackageReference;
			repositoryURL = "https://github.com/dwarvesf/CodeViewer";
			requirement = {
				branch = main;
				kind = branch;
			};
		};
/* End XCRemoteSwiftPackageReference section */

/* Begin XCSwiftPackageProductDependency section */
		4B5A3FAA27B002C3006FFF2D /* CodeViewer */ = {
			isa = XCSwiftPackageProductDependency;
			productName = CodeViewer;
		};
		4BD6EB5E27B9E78F00F0E6D0 /* WikipediaKit */ = {
			isa = XCSwiftPackageProductDependency;
			package = 4BD6EB5D27B9E78F00F0E6D0 /* XCRemoteSwiftPackageReference "WikipediaKit" */;
			productName = WikipediaKit;
		};
		4BD6EB6127B9E82200F0E6D0 /* CodeViewer */ = {
			isa = XCSwiftPackageProductDependency;
			package = 4BD6EB6027B9E82200F0E6D0 /* XCRemoteSwiftPackageReference "CodeViewer" */;
			productName = CodeViewer;
		};
/* End XCSwiftPackageProductDependency section */
	};
	rootObject = 4BBB17E927ADEFD400914D47 /* Project object */;
}
